// !$*UTF8*$!
{
	archiveVersion = 1;
	classes = {
	};
	objectVersion = 50;
	objects = {

/* Begin PBXBuildFile section */
		5F6EAE524EA190D75AC011C3 /* Pods_bi_ios_2018.framework in Frameworks */ = {isa = PBXBuildFile; fileRef = 9A9AF8E54DD0054D3D8D5303 /* Pods_bi_ios_2018.framework */; };
		88C9CD9B2176019500BC4D60 /* AppDelegate.swift in Sources */ = {isa = PBXBuildFile; fileRef = 88C9CD9A2176019500BC4D60 /* AppDelegate.swift */; };
		88C9CD9D2176019500BC4D60 /* ViewController.swift in Sources */ = {isa = PBXBuildFile; fileRef = 88C9CD9C2176019500BC4D60 /* ViewController.swift */; };
		88C9CDA02176019500BC4D60 /* Main.storyboard in Resources */ = {isa = PBXBuildFile; fileRef = 88C9CD9E2176019500BC4D60 /* Main.storyboard */; };
		88C9CDA22176019600BC4D60 /* Assets.xcassets in Resources */ = {isa = PBXBuildFile; fileRef = 88C9CDA12176019600BC4D60 /* Assets.xcassets */; };
		88C9CDA52176019600BC4D60 /* LaunchScreen.storyboard in Resources */ = {isa = PBXBuildFile; fileRef = 88C9CDA32176019600BC4D60 /* LaunchScreen.storyboard */; };
/* End PBXBuildFile section */

/* Begin PBXFileReference section */
		88C9CD972176019500BC4D60 /* bi-ios-2018.app */ = {isa = PBXFileReference; explicitFileType = wrapper.application; includeInIndex = 0; path = "bi-ios-2018.app"; sourceTree = BUILT_PRODUCTS_DIR; };
		88C9CD9A2176019500BC4D60 /* AppDelegate.swift */ = {isa = PBXFileReference; lastKnownFileType = sourcecode.swift; path = AppDelegate.swift; sourceTree = "<group>"; };
		88C9CD9C2176019500BC4D60 /* ViewController.swift */ = {isa = PBXFileReference; lastKnownFileType = sourcecode.swift; path = ViewController.swift; sourceTree = "<group>"; };
		88C9CD9F2176019500BC4D60 /* Base */ = {isa = PBXFileReference; lastKnownFileType = file.storyboard; name = Base; path = Base.lproj/Main.storyboard; sourceTree = "<group>"; };
		88C9CDA12176019600BC4D60 /* Assets.xcassets */ = {isa = PBXFileReference; lastKnownFileType = folder.assetcatalog; path = Assets.xcassets; sourceTree = "<group>"; };
		88C9CDA42176019600BC4D60 /* Base */ = {isa = PBXFileReference; lastKnownFileType = file.storyboard; name = Base; path = Base.lproj/LaunchScreen.storyboard; sourceTree = "<group>"; };
		88C9CDA62176019600BC4D60 /* Info.plist */ = {isa = PBXFileReference; lastKnownFileType = text.plist.xml; path = Info.plist; sourceTree = "<group>"; };
		9A9AF8E54DD0054D3D8D5303 /* Pods_bi_ios_2018.framework */ = {isa = PBXFileReference; explicitFileType = wrapper.framework; includeInIndex = 0; path = Pods_bi_ios_2018.framework; sourceTree = BUILT_PRODUCTS_DIR; };
		A9247C9B32C1BE299932717B /* Pods-bi-ios-2018.release.xcconfig */ = {isa = PBXFileReference; includeInIndex = 1; lastKnownFileType = text.xcconfig; name = "Pods-bi-ios-2018.release.xcconfig"; path = "Pods/Target Support Files/Pods-bi-ios-2018/Pods-bi-ios-2018.release.xcconfig"; sourceTree = "<group>"; };
		CE15544AED2DE0870893EC32 /* Pods-bi-ios-2018.debug.xcconfig */ = {isa = PBXFileReference; includeInIndex = 1; lastKnownFileType = text.xcconfig; name = "Pods-bi-ios-2018.debug.xcconfig"; path = "Pods/Target Support Files/Pods-bi-ios-2018/Pods-bi-ios-2018.debug.xcconfig"; sourceTree = "<group>"; };
/* End PBXFileReference section */

/* Begin PBXFrameworksBuildPhase section */
		88C9CD942176019500BC4D60 /* Frameworks */ = {
			isa = PBXFrameworksBuildPhase;
			buildActionMask = 2147483647;
			files = (
				5F6EAE524EA190D75AC011C3 /* Pods_bi_ios_2018.framework in Frameworks */,
			);
			runOnlyForDeploymentPostprocessing = 0;
		};
/* End PBXFrameworksBuildPhase section */

/* Begin PBXGroup section */
		88C9CD8E2176019500BC4D60 = {
			isa = PBXGroup;
			children = (
				88C9CD992176019500BC4D60 /* bi-ios-2018 */,
				88C9CD982176019500BC4D60 /* Products */,
				A8071F80FA08830A59FEC374 /* Pods */,
				8F41FC83DA784503F80B3E97 /* Frameworks */,
			);
			sourceTree = "<group>";
		};
		88C9CD982176019500BC4D60 /* Products */ = {
			isa = PBXGroup;
			children = (
				88C9CD972176019500BC4D60 /* bi-ios-2018.app */,
			);
			name = Products;
			sourceTree = "<group>";
		};
		88C9CD992176019500BC4D60 /* bi-ios-2018 */ = {
			isa = PBXGroup;
			children = (
				88C9CD9A2176019500BC4D60 /* AppDelegate.swift */,
				88C9CD9C2176019500BC4D60 /* ViewController.swift */,
				88C9CD9E2176019500BC4D60 /* Main.storyboard */,
				88C9CDA12176019600BC4D60 /* Assets.xcassets */,
				88C9CDA32176019600BC4D60 /* LaunchScreen.storyboard */,
				88C9CDA62176019600BC4D60 /* Info.plist */,
			);
			path = "bi-ios-2018";
			sourceTree = "<group>";
		};
		8F41FC83DA784503F80B3E97 /* Frameworks */ = {
			isa = PBXGroup;
			children = (
				9A9AF8E54DD0054D3D8D5303 /* Pods_bi_ios_2018.framework */,
			);
			name = Frameworks;
			sourceTree = "<group>";
		};
		A8071F80FA08830A59FEC374 /* Pods */ = {
			isa = PBXGroup;
			children = (
				CE15544AED2DE0870893EC32 /* Pods-bi-ios-2018.debug.xcconfig */,
				A9247C9B32C1BE299932717B /* Pods-bi-ios-2018.release.xcconfig */,
			);
			name = Pods;
			sourceTree = "<group>";
		};
/* End PBXGroup section */

/* Begin PBXNativeTarget section */
		88C9CD962176019500BC4D60 /* bi-ios-2018 */ = {
			isa = PBXNativeTarget;
			buildConfigurationList = 88C9CDA92176019600BC4D60 /* Build configuration list for PBXNativeTarget "bi-ios-2018" */;
			buildPhases = (
				941B7D9F627ECF72219B16A7 /* [CP] Check Pods Manifest.lock */,
				88C9CD932176019500BC4D60 /* Sources */,
				88C9CD942176019500BC4D60 /* Frameworks */,
				88C9CD952176019500BC4D60 /* Resources */,
				DFE2B3F1EE176A0FE8DFB181 /* [CP] Embed Pods Frameworks */,
			);
			buildRules = (
			);
			dependencies = (
			);
			name = "bi-ios-2018";
			productName = "bi-ios-2018";
			productReference = 88C9CD972176019500BC4D60 /* bi-ios-2018.app */;
			productType = "com.apple.product-type.application";
		};
/* End PBXNativeTarget section */

/* Begin PBXProject section */
		88C9CD8F2176019500BC4D60 /* Project object */ = {
			isa = PBXProject;
			attributes = {
				LastSwiftUpdateCheck = 1000;
				LastUpgradeCheck = 1000;
				ORGANIZATIONNAME = "ČVUT";
				TargetAttributes = {
					88C9CD962176019500BC4D60 = {
						CreatedOnToolsVersion = 10.0;
					};
				};
			};
			buildConfigurationList = 88C9CD922176019500BC4D60 /* Build configuration list for PBXProject "bi-ios-2018" */;
			compatibilityVersion = "Xcode 9.3";
			developmentRegion = en;
			hasScannedForEncodings = 0;
			knownRegions = (
				en,
				Base,
			);
			mainGroup = 88C9CD8E2176019500BC4D60;
			productRefGroup = 88C9CD982176019500BC4D60 /* Products */;
			projectDirPath = "";
			projectRoot = "";
			targets = (
				88C9CD962176019500BC4D60 /* bi-ios-2018 */,
			);
		};
/* End PBXProject section */

/* Begin PBXResourcesBuildPhase section */
		88C9CD952176019500BC4D60 /* Resources */ = {
			isa = PBXResourcesBuildPhase;
			buildActionMask = 2147483647;
			files = (
				88C9CDA52176019600BC4D60 /* LaunchScreen.storyboard in Resources */,
				88C9CDA22176019600BC4D60 /* Assets.xcassets in Resources */,
				88C9CDA02176019500BC4D60 /* Main.storyboard in Resources */,
			);
			runOnlyForDeploymentPostprocessing = 0;
		};
/* End PBXResourcesBuildPhase section */

/* Begin PBXShellScriptBuildPhase section */
		941B7D9F627ECF72219B16A7 /* [CP] Check Pods Manifest.lock */ = {
			isa = PBXShellScriptBuildPhase;
			buildActionMask = 2147483647;
			files = (
			);
			inputFileListPaths = (
			);
			inputPaths = (
				"${PODS_PODFILE_DIR_PATH}/Podfile.lock",
				"${PODS_ROOT}/Manifest.lock",
			);
			name = "[CP] Check Pods Manifest.lock";
			outputFileListPaths = (
			);
			outputPaths = (
				"$(DERIVED_FILE_DIR)/Pods-bi-ios-2018-checkManifestLockResult.txt",
			);
			runOnlyForDeploymentPostprocessing = 0;
			shellPath = /bin/sh;
			shellScript = "diff \"${PODS_PODFILE_DIR_PATH}/Podfile.lock\" \"${PODS_ROOT}/Manifest.lock\" > /dev/null\nif [ $? != 0 ] ; then\n    # print error to STDERR\n    echo \"error: The sandbox is not in sync with the Podfile.lock. Run 'pod install' or update your CocoaPods installation.\" >&2\n    exit 1\nfi\n# This output is used by Xcode 'outputs' to avoid re-running this script phase.\necho \"SUCCESS\" > \"${SCRIPT_OUTPUT_FILE_0}\"\n";
			showEnvVarsInLog = 0;
		};
		DFE2B3F1EE176A0FE8DFB181 /* [CP] Embed Pods Frameworks */ = {
			isa = PBXShellScriptBuildPhase;
			buildActionMask = 2147483647;
			files = (
			);
			inputFileListPaths = (
			);
			inputPaths = (
				"${SRCROOT}/Pods/Target Support Files/Pods-bi-ios-2018/Pods-bi-ios-2018-frameworks.sh",
				"${BUILT_PRODUCTS_DIR}/SnapKit/SnapKit.framework",
			);
			name = "[CP] Embed Pods Frameworks";
			outputFileListPaths = (
			);
			outputPaths = (
				"${TARGET_BUILD_DIR}/${FRAMEWORKS_FOLDER_PATH}/SnapKit.framework",
			);
			runOnlyForDeploymentPostprocessing = 0;
			shellPath = /bin/sh;
			shellScript = "\"${SRCROOT}/Pods/Target Support Files/Pods-bi-ios-2018/Pods-bi-ios-2018-frameworks.sh\"\n";
			showEnvVarsInLog = 0;
		};
/* End PBXShellScriptBuildPhase section */

/* Begin PBXSourcesBuildPhase section */
		88C9CD932176019500BC4D60 /* Sources */ = {
			isa = PBXSourcesBuildPhase;
			buildActionMask = 2147483647;
			files = (
				88C9CD9D2176019500BC4D60 /* ViewController.swift in Sources */,
				88C9CD9B2176019500BC4D60 /* AppDelegate.swift in Sources */,
			);
			runOnlyForDeploymentPostprocessing = 0;
		};
/* End PBXSourcesBuildPhase section */

/* Begin PBXVariantGroup section */
		88C9CD9E2176019500BC4D60 /* Main.storyboard */ = {
			isa = PBXVariantGroup;
			children = (
				88C9CD9F2176019500BC4D60 /* Base */,
			);
			name = Main.storyboard;
			sourceTree = "<group>";
		};
		88C9CDA32176019600BC4D60 /* LaunchScreen.storyboard */ = {
			isa = PBXVariantGroup;
			children = (
				88C9CDA42176019600BC4D60 /* Base */,
			);
			name = LaunchScreen.storyboard;
			sourceTree = "<group>";
		};
/* End PBXVariantGroup section */

/* Begin XCBuildConfiguration section */
		88C9CDA72176019600BC4D60 /* Debug */ = {
			isa = XCBuildConfiguration;
			buildSettings = {
				ALWAYS_SEARCH_USER_PATHS = NO;
				CLANG_ANALYZER_NONNULL = YES;
				CLANG_ANALYZER_NUMBER_OBJECT_CONVERSION = YES_AGGRESSIVE;
				CLANG_CXX_LANGUAGE_STANDARD = "gnu++14";
				CLANG_CXX_LIBRARY = "libc++";
				CLANG_ENABLE_MODULES = YES;
				CLANG_ENABLE_OBJC_ARC = YES;
				CLANG_ENABLE_OBJC_WEAK = YES;
				CLANG_WARN_BLOCK_CAPTURE_AUTORELEASING = YES;
				CLANG_WARN_BOOL_CONVERSION = YES;
				CLANG_WARN_COMMA = YES;
				CLANG_WARN_CONSTANT_CONVERSION = YES;
				CLANG_WARN_DEPRECATED_OBJC_IMPLEMENTATIONS = YES;
				CLANG_WARN_DIRECT_OBJC_ISA_USAGE = YES_ERROR;
				CLANG_WARN_DOCUMENTATION_COMMENTS = YES;
				CLANG_WARN_EMPTY_BODY = YES;
				CLANG_WARN_ENUM_CONVERSION = YES;
				CLANG_WARN_INFINITE_RECURSION = YES;
				CLANG_WARN_INT_CONVERSION = YES;
				CLANG_WARN_NON_LITERAL_NULL_CONVERSION = YES;
				CLANG_WARN_OBJC_IMPLICIT_RETAIN_SELF = YES;
				CLANG_WARN_OBJC_LITERAL_CONVERSION = YES;
				CLANG_WARN_OBJC_ROOT_CLASS = YES_ERROR;
				CLANG_WARN_RANGE_LOOP_ANALYSIS = YES;
				CLANG_WARN_STRICT_PROTOTYPES = YES;
				CLANG_WARN_SUSPICIOUS_MOVE = YES;
				CLANG_WARN_UNGUARDED_AVAILABILITY = YES_AGGRESSIVE;
				CLANG_WARN_UNREACHABLE_CODE = YES;
				CLANG_WARN__DUPLICATE_METHOD_MATCH = YES;
				CODE_SIGN_IDENTITY = "iPhone Developer";
				COPY_PHASE_STRIP = NO;
				DEBUG_INFORMATION_FORMAT = dwarf;
				ENABLE_STRICT_OBJC_MSGSEND = YES;
				ENABLE_TESTABILITY = YES;
				GCC_C_LANGUAGE_STANDARD = gnu11;
				GCC_DYNAMIC_NO_PIC = NO;
				GCC_NO_COMMON_BLOCKS = YES;
				GCC_OPTIMIZATION_LEVEL = 0;
				GCC_PREPROCESSOR_DEFINITIONS = (
					"DEBUG=1",
					"$(inherited)",
				);
				GCC_WARN_64_TO_32_BIT_CONVERSION = YES;
				GCC_WARN_ABOUT_RETURN_TYPE = YES_ERROR;
				GCC_WARN_UNDECLARED_SELECTOR = YES;
				GCC_WARN_UNINITIALIZED_AUTOS = YES_AGGRESSIVE;
				GCC_WARN_UNUSED_FUNCTION = YES;
				GCC_WARN_UNUSED_VARIABLE = YES;
				IPHONEOS_DEPLOYMENT_TARGET = 12.0;
				MTL_ENABLE_DEBUG_INFO = INCLUDE_SOURCE;
				MTL_FAST_MATH = YES;
				ONLY_ACTIVE_ARCH = YES;
				SDKROOT = iphoneos;
				SWIFT_ACTIVE_COMPILATION_CONDITIONS = DEBUG;
				SWIFT_OPTIMIZATION_LEVEL = "-Onone";
			};
			name = Debug;
		};
		88C9CDA82176019600BC4D60 /* Release */ = {
			isa = XCBuildConfiguration;
			buildSettings = {
				ALWAYS_SEARCH_USER_PATHS = NO;
				CLANG_ANALYZER_NONNULL = YES;
				CLANG_ANALYZER_NUMBER_OBJECT_CONVERSION = YES_AGGRESSIVE;
				CLANG_CXX_LANGUAGE_STANDARD = "gnu++14";
				CLANG_CXX_LIBRARY = "libc++";
				CLANG_ENABLE_MODULES = YES;
				CLANG_ENABLE_OBJC_ARC = YES;
				CLANG_ENABLE_OBJC_WEAK = YES;
				CLANG_WARN_BLOCK_CAPTURE_AUTORELEASING = YES;
				CLANG_WARN_BOOL_CONVERSION = YES;
				CLANG_WARN_COMMA = YES;
				CLANG_WARN_CONSTANT_CONVERSION = YES;
				CLANG_WARN_DEPRECATED_OBJC_IMPLEMENTATIONS = YES;
				CLANG_WARN_DIRECT_OBJC_ISA_USAGE = YES_ERROR;
				CLANG_WARN_DOCUMENTATION_COMMENTS = YES;
				CLANG_WARN_EMPTY_BODY = YES;
				CLANG_WARN_ENUM_CONVERSION = YES;
				CLANG_WARN_INFINITE_RECURSION = YES;
				CLANG_WARN_INT_CONVERSION = YES;
				CLANG_WARN_NON_LITERAL_NULL_CONVERSION = YES;
				CLANG_WARN_OBJC_IMPLICIT_RETAIN_SELF = YES;
				CLANG_WARN_OBJC_LITERAL_CONVERSION = YES;
				CLANG_WARN_OBJC_ROOT_CLASS = YES_ERROR;
				CLANG_WARN_RANGE_LOOP_ANALYSIS = YES;
				CLANG_WARN_STRICT_PROTOTYPES = YES;
				CLANG_WARN_SUSPICIOUS_MOVE = YES;
				CLANG_WARN_UNGUARDED_AVAILABILITY = YES_AGGRESSIVE;
				CLANG_WARN_UNREACHABLE_CODE = YES;
				CLANG_WARN__DUPLICATE_METHOD_MATCH = YES;
				CODE_SIGN_IDENTITY = "iPhone Developer";
				COPY_PHASE_STRIP = NO;
				DEBUG_INFORMATION_FORMAT = "dwarf-with-dsym";
				ENABLE_NS_ASSERTIONS = NO;
				ENABLE_STRICT_OBJC_MSGSEND = YES;
				GCC_C_LANGUAGE_STANDARD = gnu11;
				GCC_NO_COMMON_BLOCKS = YES;
				GCC_WARN_64_TO_32_BIT_CONVERSION = YES;
				GCC_WARN_ABOUT_RETURN_TYPE = YES_ERROR;
				GCC_WARN_UNDECLARED_SELECTOR = YES;
				GCC_WARN_UNINITIALIZED_AUTOS = YES_AGGRESSIVE;
				GCC_WARN_UNUSED_FUNCTION = YES;
				GCC_WARN_UNUSED_VARIABLE = YES;
				IPHONEOS_DEPLOYMENT_TARGET = 12.0;
				MTL_ENABLE_DEBUG_INFO = NO;
				MTL_FAST_MATH = YES;
				SDKROOT = iphoneos;
				SWIFT_COMPILATION_MODE = wholemodule;
				SWIFT_OPTIMIZATION_LEVEL = "-O";
				VALIDATE_PRODUCT = YES;
			};
			name = Release;
		};
		88C9CDAA2176019600BC4D60 /* Debug */ = {
			isa = XCBuildConfiguration;
			baseConfigurationReference = CE15544AED2DE0870893EC32 /* Pods-bi-ios-2018.debug.xcconfig */;
			buildSettings = {
				ASSETCATALOG_COMPILER_APPICON_NAME = AppIcon;
				CODE_SIGN_STYLE = Manual;
				DEVELOPMENT_TEAM = "";
				INFOPLIST_FILE = "bi-ios-2018/Info.plist";
				LD_RUNPATH_SEARCH_PATHS = (
					"$(inherited)",
					"@executable_path/Frameworks",
				);
				PRODUCT_BUNDLE_IDENTIFIER = "cz.cvut.bi-ios-2018";
				PRODUCT_NAME = "$(TARGET_NAME)";
				PROVISIONING_PROFILE_SPECIFIER = "";
				SWIFT_VERSION = 4.2;
				TARGETED_DEVICE_FAMILY = "1,2";
			};
			name = Debug;
		};
		88C9CDAB2176019600BC4D60 /* Release */ = {
			isa = XCBuildConfiguration;
			baseConfigurationReference = A9247C9B32C1BE299932717B /* Pods-bi-ios-2018.release.xcconfig */;
			buildSettings = {
				ASSETCATALOG_COMPILER_APPICON_NAME = AppIcon;
				CODE_SIGN_STYLE = Manual;
				DEVELOPMENT_TEAM = "";
				INFOPLIST_FILE = "bi-ios-2018/Info.plist";
				LD_RUNPATH_SEARCH_PATHS = (
					"$(inherited)",
					"@executable_path/Frameworks",
				);
				PRODUCT_BUNDLE_IDENTIFIER = "cz.cvut.bi-ios-2018";
				PRODUCT_NAME = "$(TARGET_NAME)";
				PROVISIONING_PROFILE_SPECIFIER = "";
				SWIFT_VERSION = 4.2;
				TARGETED_DEVICE_FAMILY = "1,2";
			};
			name = Release;
		};
/* End XCBuildConfiguration section */

/* Begin XCConfigurationList section */
		88C9CD922176019500BC4D60 /* Build configuration list for PBXProject "bi-ios-2018" */ = {
			isa = XCConfigurationList;
			buildConfigurations = (
				88C9CDA72176019600BC4D60 /* Debug */,
				88C9CDA82176019600BC4D60 /* Release */,
			);
			defaultConfigurationIsVisible = 0;
			defaultConfigurationName = Release;
		};
		88C9CDA92176019600BC4D60 /* Build configuration list for PBXNativeTarget "bi-ios-2018" */ = {
			isa = XCConfigurationList;
			buildConfigurations = (
				88C9CDAA2176019600BC4D60 /* Debug */,
				88C9CDAB2176019600BC4D60 /* Release */,
			);
			defaultConfigurationIsVisible = 0;
			defaultConfigurationName = Release;
		};
/* End XCConfigurationList section */
	};
	rootObject = 88C9CD8F2176019500BC4D60 /* Project object */;
}
