// !$*UTF8*$!
{
	archiveVersion = 1;
	classes = {
	};
	objectVersion = 50;
	objects = {

/* Begin PBXBuildFile section */
		5F6EAE524EA190D75AC011C3 /* Pods_bi_ios_2018.framework in Frameworks */ = {isa = PBXBuildFile; fileRef = 9A9AF8E54DD0054D3D8D5303 /* Pods_bi_ios_2018.framework */; };
		885E281621ADBDE300B2905A /* MapViewController.swift in Sources */ = {isa = PBXBuildFile; fileRef = 885E281521ADBDE300B2905A /* MapViewController.swift */; };
		88B90884217F6B3A0076A920 /* AutolayoutViewController.swift in Sources */ = {isa = PBXBuildFile; fileRef = 88B90883217F6B3A0076A920 /* AutolayoutViewController.swift */; };
		88C9CD9B2176019500BC4D60 /* AppDelegate.swift in Sources */ = {isa = PBXBuildFile; fileRef = 88C9CD9A2176019500BC4D60 /* AppDelegate.swift */; };
		88C9CD9D2176019500BC4D60 /* BubblesViewController.swift in Sources */ = {isa = PBXBuildFile; fileRef = 88C9CD9C2176019500BC4D60 /* BubblesViewController.swift */; };
		88C9CDA02176019500BC4D60 /* Main.storyboard in Resources */ = {isa = PBXBuildFile; fileRef = 88C9CD9E2176019500BC4D60 /* Main.storyboard */; };
		88C9CDA22176019600BC4D60 /* Assets.xcassets in Resources */ = {isa = PBXBuildFile; fileRef = 88C9CDA12176019600BC4D60 /* Assets.xcassets */; };
		88C9CDA52176019600BC4D60 /* LaunchScreen.storyboard in Resources */ = {isa = PBXBuildFile; fileRef = 88C9CDA32176019600BC4D60 /* LaunchScreen.storyboard */; };
		88F165C221C047850039AB70 /* SharedCanvasViewController.swift in Sources */ = {isa = PBXBuildFile; fileRef = 88F165C121C047850039AB70 /* SharedCanvasViewController.swift */; };
		88F165C421C0480F0039AB70 /* CanvasView.swift in Sources */ = {isa = PBXBuildFile; fileRef = 88F165C321C0480F0039AB70 /* CanvasView.swift */; };
		88F165C621C04D480039AB70 /* DrawingPath.swift in Sources */ = {isa = PBXBuildFile; fileRef = 88F165C521C04D480039AB70 /* DrawingPath.swift */; };
		88F165C821C051350039AB70 /* GoogleService-Info.plist in Resources */ = {isa = PBXBuildFile; fileRef = 88F165C721C051350039AB70 /* GoogleService-Info.plist */; };
		88F165CF21C0F6250039AB70 /* Localizable.strings in Resources */ = {isa = PBXBuildFile; fileRef = 88F165D121C0F6250039AB70 /* Localizable.strings */; };
		A35230AA21A4765A00592F4A /* ScrollViewController.swift in Sources */ = {isa = PBXBuildFile; fileRef = A35230A921A4765A00592F4A /* ScrollViewController.swift */; };
		A35230AD21A47D3700592F4A /* TableViewController.swift in Sources */ = {isa = PBXBuildFile; fileRef = A35230AC21A47D3700592F4A /* TableViewController.swift */; };
		A35230AF21A4819600592F4A /* CustomCell.swift in Sources */ = {isa = PBXBuildFile; fileRef = A35230AE21A4819600592F4A /* CustomCell.swift */; };
		A3D3C77421A495AB00BCC83A /* User.swift in Sources */ = {isa = PBXBuildFile; fileRef = A3D3C77321A495AB00BCC83A /* User.swift */; };
		A3D3C77621A4A45F00BCC83A /* CollectionViewController.swift in Sources */ = {isa = PBXBuildFile; fileRef = A3D3C77521A4A45F00BCC83A /* CollectionViewController.swift */; };
		B4159E01218985B500496EC5 /* ActionViewController.swift in Sources */ = {isa = PBXBuildFile; fileRef = B4159E00218985B500496EC5 /* ActionViewController.swift */; };
		B4159E032189939300496EC5 /* ShapeView.swift in Sources */ = {isa = PBXBuildFile; fileRef = B4159E022189939300496EC5 /* ShapeView.swift */; };
		B4159E05219217B400496EC5 /* ControlPanel.swift in Sources */ = {isa = PBXBuildFile; fileRef = B4159E04219217B400496EC5 /* ControlPanel.swift */; };
		B4159E07219221D500496EC5 /* Shape.swift in Sources */ = {isa = PBXBuildFile; fileRef = B4159E06219221D500496EC5 /* Shape.swift */; };
		B4159E092192308100496EC5 /* ActionViewModel.swift in Sources */ = {isa = PBXBuildFile; fileRef = B4159E082192308100496EC5 /* ActionViewModel.swift */; };
		B4F9261A21B6BE2400720683 /* DataManager.swift in Sources */ = {isa = PBXBuildFile; fileRef = B4F9261921B6BE2400720683 /* DataManager.swift */; };
		B4F9261D21B6BF2F00720683 /* NetowrkTableViewController.swift in Sources */ = {isa = PBXBuildFile; fileRef = B4F9261C21B6BF2F00720683 /* NetowrkTableViewController.swift */; };
		B4F9261F21B6C7DD00720683 /* Recipe.swift in Sources */ = {isa = PBXBuildFile; fileRef = B4F9261E21B6C7DD00720683 /* Recipe.swift */; };
		B4F9262121B6CC7B00720683 /* RecipeCell.swift in Sources */ = {isa = PBXBuildFile; fileRef = B4F9262021B6CC7B00720683 /* RecipeCell.swift */; };
/* End PBXBuildFile section */

/* Begin PBXFileReference section */
		885E281521ADBDE300B2905A /* MapViewController.swift */ = {isa = PBXFileReference; lastKnownFileType = sourcecode.swift; path = MapViewController.swift; sourceTree = "<group>"; };
		88B90883217F6B3A0076A920 /* AutolayoutViewController.swift */ = {isa = PBXFileReference; lastKnownFileType = sourcecode.swift; path = AutolayoutViewController.swift; sourceTree = "<group>"; };
		88C9CD972176019500BC4D60 /* bi-ios-2018.app */ = {isa = PBXFileReference; explicitFileType = wrapper.application; includeInIndex = 0; path = "bi-ios-2018.app"; sourceTree = BUILT_PRODUCTS_DIR; };
		88C9CD9A2176019500BC4D60 /* AppDelegate.swift */ = {isa = PBXFileReference; lastKnownFileType = sourcecode.swift; path = AppDelegate.swift; sourceTree = "<group>"; };
		88C9CD9C2176019500BC4D60 /* BubblesViewController.swift */ = {isa = PBXFileReference; lastKnownFileType = sourcecode.swift; path = BubblesViewController.swift; sourceTree = "<group>"; };
		88C9CD9F2176019500BC4D60 /* Base */ = {isa = PBXFileReference; lastKnownFileType = file.storyboard; name = Base; path = Base.lproj/Main.storyboard; sourceTree = "<group>"; };
		88C9CDA12176019600BC4D60 /* Assets.xcassets */ = {isa = PBXFileReference; lastKnownFileType = folder.assetcatalog; path = Assets.xcassets; sourceTree = "<group>"; };
		88C9CDA42176019600BC4D60 /* Base */ = {isa = PBXFileReference; lastKnownFileType = file.storyboard; name = Base; path = Base.lproj/LaunchScreen.storyboard; sourceTree = "<group>"; };
		88C9CDA62176019600BC4D60 /* Info.plist */ = {isa = PBXFileReference; lastKnownFileType = text.plist.xml; path = Info.plist; sourceTree = "<group>"; };
		88F165C121C047850039AB70 /* SharedCanvasViewController.swift */ = {isa = PBXFileReference; lastKnownFileType = sourcecode.swift; path = SharedCanvasViewController.swift; sourceTree = "<group>"; };
		88F165C321C0480F0039AB70 /* CanvasView.swift */ = {isa = PBXFileReference; lastKnownFileType = sourcecode.swift; path = CanvasView.swift; sourceTree = "<group>"; };
		88F165C521C04D480039AB70 /* DrawingPath.swift */ = {isa = PBXFileReference; lastKnownFileType = sourcecode.swift; path = DrawingPath.swift; sourceTree = "<group>"; };
		88F165C721C051350039AB70 /* GoogleService-Info.plist */ = {isa = PBXFileReference; fileEncoding = 4; lastKnownFileType = text.plist.xml; path = "GoogleService-Info.plist"; sourceTree = "<group>"; };
		88F165CD21C0F60D0039AB70 /* cs */ = {isa = PBXFileReference; lastKnownFileType = text.plist.strings; name = cs; path = cs.lproj/Main.strings; sourceTree = "<group>"; };
		88F165CE21C0F60D0039AB70 /* cs */ = {isa = PBXFileReference; lastKnownFileType = text.plist.strings; name = cs; path = cs.lproj/LaunchScreen.strings; sourceTree = "<group>"; };
		88F165D021C0F6250039AB70 /* en */ = {isa = PBXFileReference; lastKnownFileType = text.plist.strings; name = en; path = en.lproj/Localizable.strings; sourceTree = "<group>"; };
		88F165D221C0F6310039AB70 /* cs */ = {isa = PBXFileReference; lastKnownFileType = text.plist.strings; name = cs; path = cs.lproj/Localizable.strings; sourceTree = "<group>"; };
		9A9AF8E54DD0054D3D8D5303 /* Pods_bi_ios_2018.framework */ = {isa = PBXFileReference; explicitFileType = wrapper.framework; includeInIndex = 0; path = Pods_bi_ios_2018.framework; sourceTree = BUILT_PRODUCTS_DIR; };
		A35230A921A4765A00592F4A /* ScrollViewController.swift */ = {isa = PBXFileReference; lastKnownFileType = sourcecode.swift; path = ScrollViewController.swift; sourceTree = "<group>"; };
		A35230AC21A47D3700592F4A /* TableViewController.swift */ = {isa = PBXFileReference; lastKnownFileType = sourcecode.swift; path = TableViewController.swift; sourceTree = "<group>"; };
		A35230AE21A4819600592F4A /* CustomCell.swift */ = {isa = PBXFileReference; lastKnownFileType = sourcecode.swift; path = CustomCell.swift; sourceTree = "<group>"; };
		A3D3C77321A495AB00BCC83A /* User.swift */ = {isa = PBXFileReference; lastKnownFileType = sourcecode.swift; path = User.swift; sourceTree = "<group>"; };
		A3D3C77521A4A45F00BCC83A /* CollectionViewController.swift */ = {isa = PBXFileReference; lastKnownFileType = sourcecode.swift; path = CollectionViewController.swift; sourceTree = "<group>"; };
		A9247C9B32C1BE299932717B /* Pods-bi-ios-2018.release.xcconfig */ = {isa = PBXFileReference; includeInIndex = 1; lastKnownFileType = text.xcconfig; name = "Pods-bi-ios-2018.release.xcconfig"; path = "Pods/Target Support Files/Pods-bi-ios-2018/Pods-bi-ios-2018.release.xcconfig"; sourceTree = "<group>"; };
		B4159E00218985B500496EC5 /* ActionViewController.swift */ = {isa = PBXFileReference; lastKnownFileType = sourcecode.swift; path = ActionViewController.swift; sourceTree = "<group>"; };
		B4159E022189939300496EC5 /* ShapeView.swift */ = {isa = PBXFileReference; lastKnownFileType = sourcecode.swift; path = ShapeView.swift; sourceTree = "<group>"; };
		B4159E04219217B400496EC5 /* ControlPanel.swift */ = {isa = PBXFileReference; lastKnownFileType = sourcecode.swift; path = ControlPanel.swift; sourceTree = "<group>"; };
		B4159E06219221D500496EC5 /* Shape.swift */ = {isa = PBXFileReference; lastKnownFileType = sourcecode.swift; path = Shape.swift; sourceTree = "<group>"; };
		B4159E082192308100496EC5 /* ActionViewModel.swift */ = {isa = PBXFileReference; lastKnownFileType = sourcecode.swift; path = ActionViewModel.swift; sourceTree = "<group>"; };
		B4F9261921B6BE2400720683 /* DataManager.swift */ = {isa = PBXFileReference; lastKnownFileType = sourcecode.swift; path = DataManager.swift; sourceTree = "<group>"; };
		B4F9261C21B6BF2F00720683 /* NetowrkTableViewController.swift */ = {isa = PBXFileReference; lastKnownFileType = sourcecode.swift; path = NetowrkTableViewController.swift; sourceTree = "<group>"; };
		B4F9261E21B6C7DD00720683 /* Recipe.swift */ = {isa = PBXFileReference; lastKnownFileType = sourcecode.swift; path = Recipe.swift; sourceTree = "<group>"; };
		B4F9262021B6CC7B00720683 /* RecipeCell.swift */ = {isa = PBXFileReference; lastKnownFileType = sourcecode.swift; path = RecipeCell.swift; sourceTree = "<group>"; };
		CE15544AED2DE0870893EC32 /* Pods-bi-ios-2018.debug.xcconfig */ = {isa = PBXFileReference; includeInIndex = 1; lastKnownFileType = text.xcconfig; name = "Pods-bi-ios-2018.debug.xcconfig"; path = "Pods/Target Support Files/Pods-bi-ios-2018/Pods-bi-ios-2018.debug.xcconfig"; sourceTree = "<group>"; };
/* End PBXFileReference section */

/* Begin PBXFrameworksBuildPhase section */
		88C9CD942176019500BC4D60 /* Frameworks */ = {
			isa = PBXFrameworksBuildPhase;
			buildActionMask = 2147483647;
			files = (
				5F6EAE524EA190D75AC011C3 /* Pods_bi_ios_2018.framework in Frameworks */,
			);
			runOnlyForDeploymentPostprocessing = 0;
		};
/* End PBXFrameworksBuildPhase section */

/* Begin PBXGroup section */
		88C9CD8E2176019500BC4D60 = {
			isa = PBXGroup;
			children = (
				88C9CD992176019500BC4D60 /* bi-ios-2018 */,
				88C9CD982176019500BC4D60 /* Products */,
				A8071F80FA08830A59FEC374 /* Pods */,
				8F41FC83DA784503F80B3E97 /* Frameworks */,
			);
			sourceTree = "<group>";
		};
		88C9CD982176019500BC4D60 /* Products */ = {
			isa = PBXGroup;
			children = (
				88C9CD972176019500BC4D60 /* bi-ios-2018.app */,
			);
			name = Products;
			sourceTree = "<group>";
		};
		88C9CD992176019500BC4D60 /* bi-ios-2018 */ = {
			isa = PBXGroup;
			children = (
				B4F9261821B6BE1200720683 /* Service */,
				B4159E0E2192D21700496EC5 /* ViewModels */,
				B4159E0C2192D1FA00496EC5 /* ViewControllers */,
				B4159E0B2192D1E500496EC5 /* Views */,
				B4159E0A2192D1D700496EC5 /* Model */,
				88C9CD9A2176019500BC4D60 /* AppDelegate.swift */,
				88C9CD9E2176019500BC4D60 /* Main.storyboard */,
				88C9CDA12176019600BC4D60 /* Assets.xcassets */,
				88C9CDA32176019600BC4D60 /* LaunchScreen.storyboard */,
				88C9CDA62176019600BC4D60 /* Info.plist */,
				88F165C721C051350039AB70 /* GoogleService-Info.plist */,
				88F165D121C0F6250039AB70 /* Localizable.strings */,
			);
			path = "bi-ios-2018";
			sourceTree = "<group>";
		};
		88F165C021C047590039AB70 /* 11 CG and Firebase */ = {
			isa = PBXGroup;
			children = (
				88F165C321C0480F0039AB70 /* CanvasView.swift */,
				88F165C521C04D480039AB70 /* DrawingPath.swift */,
				88F165C121C047850039AB70 /* SharedCanvasViewController.swift */,
			);
			path = "11 CG and Firebase";
			sourceTree = "<group>";
		};
		8F41FC83DA784503F80B3E97 /* Frameworks */ = {
			isa = PBXGroup;
			children = (
				9A9AF8E54DD0054D3D8D5303 /* Pods_bi_ios_2018.framework */,
			);
			name = Frameworks;
			sourceTree = "<group>";
		};
		A35230AB21A47CF400592F4A /* 08 ScrollViews */ = {
			isa = PBXGroup;
			children = (
				A35230A921A4765A00592F4A /* ScrollViewController.swift */,
				A35230AC21A47D3700592F4A /* TableViewController.swift */,
				A3D3C77521A4A45F00BCC83A /* CollectionViewController.swift */,
			);
			path = "08 ScrollViews";
			sourceTree = "<group>";
		};
		A8071F80FA08830A59FEC374 /* Pods */ = {
			isa = PBXGroup;
			children = (
				CE15544AED2DE0870893EC32 /* Pods-bi-ios-2018.debug.xcconfig */,
				A9247C9B32C1BE299932717B /* Pods-bi-ios-2018.release.xcconfig */,
			);
			name = Pods;
			sourceTree = "<group>";
		};
		B4159E0A2192D1D700496EC5 /* Model */ = {
			isa = PBXGroup;
			children = (
				B4159E06219221D500496EC5 /* Shape.swift */,
				A3D3C77321A495AB00BCC83A /* User.swift */,
				B4F9261E21B6C7DD00720683 /* Recipe.swift */,
			);
			path = Model;
			sourceTree = "<group>";
		};
		B4159E0B2192D1E500496EC5 /* Views */ = {
			isa = PBXGroup;
			children = (
				A35230AE21A4819600592F4A /* CustomCell.swift */,
				B4159E022189939300496EC5 /* ShapeView.swift */,
				B4159E04219217B400496EC5 /* ControlPanel.swift */,
				B4F9262021B6CC7B00720683 /* RecipeCell.swift */,
			);
			path = Views;
			sourceTree = "<group>";
		};
		B4159E0C2192D1FA00496EC5 /* ViewControllers */ = {
			isa = PBXGroup;
			children = (
				B4F9261B21B6BF1700720683 /* Networking */,
				B4159E00218985B500496EC5 /* ActionViewController.swift */,
				88B90883217F6B3A0076A920 /* AutolayoutViewController.swift */,
				88C9CD9C2176019500BC4D60 /* BubblesViewController.swift */,
				A35230AB21A47CF400592F4A /* 08 ScrollViews */,
				885E281521ADBDE300B2905A /* MapViewController.swift */,
				88F165C021C047590039AB70 /* 11 CG and Firebase */,
			);
			path = ViewControllers;
			sourceTree = "<group>";
		};
		B4159E0E2192D21700496EC5 /* ViewModels */ = {
			isa = PBXGroup;
			children = (
				B4159E082192308100496EC5 /* ActionViewModel.swift */,
			);
			path = ViewModels;
			sourceTree = "<group>";
		};
		B4F9261821B6BE1200720683 /* Service */ = {
			isa = PBXGroup;
			children = (
				B4F9261921B6BE2400720683 /* DataManager.swift */,
			);
			path = Service;
			sourceTree = "<group>";
		};
		B4F9261B21B6BF1700720683 /* Networking */ = {
			isa = PBXGroup;
			children = (
				B4F9261C21B6BF2F00720683 /* NetowrkTableViewController.swift */,
			);
			path = Networking;
			sourceTree = "<group>";
		};
/* End PBXGroup section */

/* Begin PBXNativeTarget section */
		88C9CD962176019500BC4D60 /* bi-ios-2018 */ = {
			isa = PBXNativeTarget;
			buildConfigurationList = 88C9CDA92176019600BC4D60 /* Build configuration list for PBXNativeTarget "bi-ios-2018" */;
			buildPhases = (
				941B7D9F627ECF72219B16A7 /* [CP] Check Pods Manifest.lock */,
				88C9CD932176019500BC4D60 /* Sources */,
				88C9CD942176019500BC4D60 /* Frameworks */,
				88C9CD952176019500BC4D60 /* Resources */,
				DFE2B3F1EE176A0FE8DFB181 /* [CP] Embed Pods Frameworks */,
			);
			buildRules = (
			);
			dependencies = (
			);
			name = "bi-ios-2018";
			productName = "bi-ios-2018";
			productReference = 88C9CD972176019500BC4D60 /* bi-ios-2018.app */;
			productType = "com.apple.product-type.application";
		};
/* End PBXNativeTarget section */

/* Begin PBXProject section */
		88C9CD8F2176019500BC4D60 /* Project object */ = {
			isa = PBXProject;
			attributes = {
				LastSwiftUpdateCheck = 1000;
				LastUpgradeCheck = 1000;
				ORGANIZATIONNAME = "ČVUT";
				TargetAttributes = {
					88C9CD962176019500BC4D60 = {
						CreatedOnToolsVersion = 10.0;
					};
				};
			};
			buildConfigurationList = 88C9CD922176019500BC4D60 /* Build configuration list for PBXProject "bi-ios-2018" */;
			compatibilityVersion = "Xcode 9.3";
			developmentRegion = en;
			hasScannedForEncodings = 0;
			knownRegions = (
				en,
				Base,
				cs,
			);
			mainGroup = 88C9CD8E2176019500BC4D60;
			productRefGroup = 88C9CD982176019500BC4D60 /* Products */;
			projectDirPath = "";
			projectRoot = "";
			targets = (
				88C9CD962176019500BC4D60 /* bi-ios-2018 */,
			);
		};
/* End PBXProject section */

/* Begin PBXResourcesBuildPhase section */
		88C9CD952176019500BC4D60 /* Resources */ = {
			isa = PBXResourcesBuildPhase;
			buildActionMask = 2147483647;
			files = (
				88F165CF21C0F6250039AB70 /* Localizable.strings in Resources */,
				88C9CDA52176019600BC4D60 /* LaunchScreen.storyboard in Resources */,
				88F165C821C051350039AB70 /* GoogleService-Info.plist in Resources */,
				88C9CDA22176019600BC4D60 /* Assets.xcassets in Resources */,
				88C9CDA02176019500BC4D60 /* Main.storyboard in Resources */,
			);
			runOnlyForDeploymentPostprocessing = 0;
		};
/* End PBXResourcesBuildPhase section */

/* Begin PBXShellScriptBuildPhase section */
		941B7D9F627ECF72219B16A7 /* [CP] Check Pods Manifest.lock */ = {
			isa = PBXShellScriptBuildPhase;
			buildActionMask = 2147483647;
			files = (
			);
			inputFileListPaths = (
			);
			inputPaths = (
				"${PODS_PODFILE_DIR_PATH}/Podfile.lock",
				"${PODS_ROOT}/Manifest.lock",
			);
			name = "[CP] Check Pods Manifest.lock";
			outputFileListPaths = (
			);
			outputPaths = (
				"$(DERIVED_FILE_DIR)/Pods-bi-ios-2018-checkManifestLockResult.txt",
			);
			runOnlyForDeploymentPostprocessing = 0;
			shellPath = /bin/sh;
			shellScript = "diff \"${PODS_PODFILE_DIR_PATH}/Podfile.lock\" \"${PODS_ROOT}/Manifest.lock\" > /dev/null\nif [ $? != 0 ] ; then\n    # print error to STDERR\n    echo \"error: The sandbox is not in sync with the Podfile.lock. Run 'pod install' or update your CocoaPods installation.\" >&2\n    exit 1\nfi\n# This output is used by Xcode 'outputs' to avoid re-running this script phase.\necho \"SUCCESS\" > \"${SCRIPT_OUTPUT_FILE_0}\"\n";
			showEnvVarsInLog = 0;
		};
		DFE2B3F1EE176A0FE8DFB181 /* [CP] Embed Pods Frameworks */ = {
			isa = PBXShellScriptBuildPhase;
			buildActionMask = 2147483647;
			files = (
			);
			inputFileListPaths = (
			);
			inputPaths = (
				"${SRCROOT}/Pods/Target Support Files/Pods-bi-ios-2018/Pods-bi-ios-2018-frameworks.sh",
				"${BUILT_PRODUCTS_DIR}/Alamofire/Alamofire.framework",
				"${BUILT_PRODUCTS_DIR}/CodableFirebase/CodableFirebase.framework",
				"${BUILT_PRODUCTS_DIR}/GoogleUtilities/GoogleUtilities.framework",
				"${BUILT_PRODUCTS_DIR}/SnapKit/SnapKit.framework",
				"${BUILT_PRODUCTS_DIR}/leveldb-library/leveldb.framework",
			);
			name = "[CP] Embed Pods Frameworks";
			outputFileListPaths = (
			);
			outputPaths = (
				"${TARGET_BUILD_DIR}/${FRAMEWORKS_FOLDER_PATH}/Alamofire.framework",
				"${TARGET_BUILD_DIR}/${FRAMEWORKS_FOLDER_PATH}/CodableFirebase.framework",
				"${TARGET_BUILD_DIR}/${FRAMEWORKS_FOLDER_PATH}/GoogleUtilities.framework",
				"${TARGET_BUILD_DIR}/${FRAMEWORKS_FOLDER_PATH}/SnapKit.framework",
				"${TARGET_BUILD_DIR}/${FRAMEWORKS_FOLDER_PATH}/leveldb.framework",
			);
			runOnlyForDeploymentPostprocessing = 0;
			shellPath = /bin/sh;
			shellScript = "\"${SRCROOT}/Pods/Target Support Files/Pods-bi-ios-2018/Pods-bi-ios-2018-frameworks.sh\"\n";
			showEnvVarsInLog = 0;
		};
/* End PBXShellScriptBuildPhase section */

/* Begin PBXSourcesBuildPhase section */
		88C9CD932176019500BC4D60 /* Sources */ = {
			isa = PBXSourcesBuildPhase;
			buildActionMask = 2147483647;
			files = (
				A3D3C77621A4A45F00BCC83A /* CollectionViewController.swift in Sources */,
				B4159E05219217B400496EC5 /* ControlPanel.swift in Sources */,
				88F165C421C0480F0039AB70 /* CanvasView.swift in Sources */,
				B4159E032189939300496EC5 /* ShapeView.swift in Sources */,
				B4F9261A21B6BE2400720683 /* DataManager.swift in Sources */,
				B4F9262121B6CC7B00720683 /* RecipeCell.swift in Sources */,
				A35230AF21A4819600592F4A /* CustomCell.swift in Sources */,
				B4F9261D21B6BF2F00720683 /* NetowrkTableViewController.swift in Sources */,
				88F165C221C047850039AB70 /* SharedCanvasViewController.swift in Sources */,
				B4159E092192308100496EC5 /* ActionViewModel.swift in Sources */,
				A35230AD21A47D3700592F4A /* TableViewController.swift in Sources */,
				88B90884217F6B3A0076A920 /* AutolayoutViewController.swift in Sources */,
				A35230AA21A4765A00592F4A /* ScrollViewController.swift in Sources */,
				B4159E07219221D500496EC5 /* Shape.swift in Sources */,
				A3D3C77421A495AB00BCC83A /* User.swift in Sources */,
				88C9CD9D2176019500BC4D60 /* BubblesViewController.swift in Sources */,
				B4159E01218985B500496EC5 /* ActionViewController.swift in Sources */,
				88C9CD9B2176019500BC4D60 /* AppDelegate.swift in Sources */,
				88F165C621C04D480039AB70 /* DrawingPath.swift in Sources */,
				885E281621ADBDE300B2905A /* MapViewController.swift in Sources */,
				B4F9261F21B6C7DD00720683 /* Recipe.swift in Sources */,
			);
			runOnlyForDeploymentPostprocessing = 0;
		};
/* End PBXSourcesBuildPhase section */

/* Begin PBXVariantGroup section */
		88C9CD9E2176019500BC4D60 /* Main.storyboard */ = {
			isa = PBXVariantGroup;
			children = (
				88C9CD9F2176019500BC4D60 /* Base */,
				88F165CD21C0F60D0039AB70 /* cs */,
			);
			name = Main.storyboard;
			sourceTree = "<group>";
		};
		88C9CDA32176019600BC4D60 /* LaunchScreen.storyboard */ = {
			isa = PBXVariantGroup;
			children = (
				88C9CDA42176019600BC4D60 /* Base */,
				88F165CE21C0F60D0039AB70 /* cs */,
			);
			name = LaunchScreen.storyboard;
			sourceTree = "<group>";
		};
		88F165D121C0F6250039AB70 /* Localizable.strings */ = {
			isa = PBXVariantGroup;
			children = (
				88F165D021C0F6250039AB70 /* en */,
				88F165D221C0F6310039AB70 /* cs */,
			);
			name = Localizable.strings;
			sourceTree = "<group>";
		};
/* End PBXVariantGroup section */

/* Begin XCBuildConfiguration section */
		88C9CDA72176019600BC4D60 /* Debug */ = {
			isa = XCBuildConfiguration;
			buildSettings = {
				ALWAYS_SEARCH_USER_PATHS = NO;
				CLANG_ANALYZER_LOCALIZABILITY_NONLOCALIZED = YES;
				CLANG_ANALYZER_NONNULL = YES;
				CLANG_ANALYZER_NUMBER_OBJECT_CONVERSION = YES_AGGRESSIVE;
				CLANG_CXX_LANGUAGE_STANDARD = "gnu++14";
				CLANG_CXX_LIBRARY = "libc++";
				CLANG_ENABLE_MODULES = YES;
				CLANG_ENABLE_OBJC_ARC = YES;
				CLANG_ENABLE_OBJC_WEAK = YES;
				CLANG_WARN_BLOCK_CAPTURE_AUTORELEASING = YES;
				CLANG_WARN_BOOL_CONVERSION = YES;
				CLANG_WARN_COMMA = YES;
				CLANG_WARN_CONSTANT_CONVERSION = YES;
				CLANG_WARN_DEPRECATED_OBJC_IMPLEMENTATIONS = YES;
				CLANG_WARN_DIRECT_OBJC_ISA_USAGE = YES_ERROR;
				CLANG_WARN_DOCUMENTATION_COMMENTS = YES;
				CLANG_WARN_EMPTY_BODY = YES;
				CLANG_WARN_ENUM_CONVERSION = YES;
				CLANG_WARN_INFINITE_RECURSION = YES;
				CLANG_WARN_INT_CONVERSION = YES;
				CLANG_WARN_NON_LITERAL_NULL_CONVERSION = YES;
				CLANG_WARN_OBJC_IMPLICIT_RETAIN_SELF = YES;
				CLANG_WARN_OBJC_LITERAL_CONVERSION = YES;
				CLANG_WARN_OBJC_ROOT_CLASS = YES_ERROR;
				CLANG_WARN_RANGE_LOOP_ANALYSIS = YES;
				CLANG_WARN_STRICT_PROTOTYPES = YES;
				CLANG_WARN_SUSPICIOUS_MOVE = YES;
				CLANG_WARN_UNGUARDED_AVAILABILITY = YES_AGGRESSIVE;
				CLANG_WARN_UNREACHABLE_CODE = YES;
				CLANG_WARN__DUPLICATE_METHOD_MATCH = YES;
				CODE_SIGN_IDENTITY = "iPhone Developer";
				COPY_PHASE_STRIP = NO;
				DEBUG_INFORMATION_FORMAT = dwarf;
				ENABLE_STRICT_OBJC_MSGSEND = YES;
				ENABLE_TESTABILITY = YES;
				GCC_C_LANGUAGE_STANDARD = gnu11;
				GCC_DYNAMIC_NO_PIC = NO;
				GCC_NO_COMMON_BLOCKS = YES;
				GCC_OPTIMIZATION_LEVEL = 0;
				GCC_PREPROCESSOR_DEFINITIONS = (
					"DEBUG=1",
					"$(inherited)",
				);
				GCC_WARN_64_TO_32_BIT_CONVERSION = YES;
				GCC_WARN_ABOUT_RETURN_TYPE = YES_ERROR;
				GCC_WARN_UNDECLARED_SELECTOR = YES;
				GCC_WARN_UNINITIALIZED_AUTOS = YES_AGGRESSIVE;
				GCC_WARN_UNUSED_FUNCTION = YES;
				GCC_WARN_UNUSED_VARIABLE = YES;
				IPHONEOS_DEPLOYMENT_TARGET = 12.0;
				MTL_ENABLE_DEBUG_INFO = INCLUDE_SOURCE;
				MTL_FAST_MATH = YES;
				ONLY_ACTIVE_ARCH = YES;
				SDKROOT = iphoneos;
				SWIFT_ACTIVE_COMPILATION_CONDITIONS = DEBUG;
				SWIFT_OPTIMIZATION_LEVEL = "-Onone";
			};
			name = Debug;
		};
		88C9CDA82176019600BC4D60 /* Release */ = {
			isa = XCBuildConfiguration;
			buildSettings = {
				ALWAYS_SEARCH_USER_PATHS = NO;
				CLANG_ANALYZER_LOCALIZABILITY_NONLOCALIZED = YES;
				CLANG_ANALYZER_NONNULL = YES;
				CLANG_ANALYZER_NUMBER_OBJECT_CONVERSION = YES_AGGRESSIVE;
				CLANG_CXX_LANGUAGE_STANDARD = "gnu++14";
				CLANG_CXX_LIBRARY = "libc++";
				CLANG_ENABLE_MODULES = YES;
				CLANG_ENABLE_OBJC_ARC = YES;
				CLANG_ENABLE_OBJC_WEAK = YES;
				CLANG_WARN_BLOCK_CAPTURE_AUTORELEASING = YES;
				CLANG_WARN_BOOL_CONVERSION = YES;
				CLANG_WARN_COMMA = YES;
				CLANG_WARN_CONSTANT_CONVERSION = YES;
				CLANG_WARN_DEPRECATED_OBJC_IMPLEMENTATIONS = YES;
				CLANG_WARN_DIRECT_OBJC_ISA_USAGE = YES_ERROR;
				CLANG_WARN_DOCUMENTATION_COMMENTS = YES;
				CLANG_WARN_EMPTY_BODY = YES;
				CLANG_WARN_ENUM_CONVERSION = YES;
				CLANG_WARN_INFINITE_RECURSION = YES;
				CLANG_WARN_INT_CONVERSION = YES;
				CLANG_WARN_NON_LITERAL_NULL_CONVERSION = YES;
				CLANG_WARN_OBJC_IMPLICIT_RETAIN_SELF = YES;
				CLANG_WARN_OBJC_LITERAL_CONVERSION = YES;
				CLANG_WARN_OBJC_ROOT_CLASS = YES_ERROR;
				CLANG_WARN_RANGE_LOOP_ANALYSIS = YES;
				CLANG_WARN_STRICT_PROTOTYPES = YES;
				CLANG_WARN_SUSPICIOUS_MOVE = YES;
				CLANG_WARN_UNGUARDED_AVAILABILITY = YES_AGGRESSIVE;
				CLANG_WARN_UNREACHABLE_CODE = YES;
				CLANG_WARN__DUPLICATE_METHOD_MATCH = YES;
				CODE_SIGN_IDENTITY = "iPhone Developer";
				COPY_PHASE_STRIP = NO;
				DEBUG_INFORMATION_FORMAT = "dwarf-with-dsym";
				ENABLE_NS_ASSERTIONS = NO;
				ENABLE_STRICT_OBJC_MSGSEND = YES;
				GCC_C_LANGUAGE_STANDARD = gnu11;
				GCC_NO_COMMON_BLOCKS = YES;
				GCC_WARN_64_TO_32_BIT_CONVERSION = YES;
				GCC_WARN_ABOUT_RETURN_TYPE = YES_ERROR;
				GCC_WARN_UNDECLARED_SELECTOR = YES;
				GCC_WARN_UNINITIALIZED_AUTOS = YES_AGGRESSIVE;
				GCC_WARN_UNUSED_FUNCTION = YES;
				GCC_WARN_UNUSED_VARIABLE = YES;
				IPHONEOS_DEPLOYMENT_TARGET = 12.0;
				MTL_ENABLE_DEBUG_INFO = NO;
				MTL_FAST_MATH = YES;
				SDKROOT = iphoneos;
				SWIFT_COMPILATION_MODE = wholemodule;
				SWIFT_OPTIMIZATION_LEVEL = "-O";
				VALIDATE_PRODUCT = YES;
			};
			name = Release;
		};
		88C9CDAA2176019600BC4D60 /* Debug */ = {
			isa = XCBuildConfiguration;
			baseConfigurationReference = CE15544AED2DE0870893EC32 /* Pods-bi-ios-2018.debug.xcconfig */;
			buildSettings = {
				ASSETCATALOG_COMPILER_APPICON_NAME = AppIcon;
				CODE_SIGN_STYLE = Manual;
				DEVELOPMENT_TEAM = PXDF48X6VX;
				INFOPLIST_FILE = "bi-ios-2018/Info.plist";
				LD_RUNPATH_SEARCH_PATHS = (
					"$(inherited)",
					"@executable_path/Frameworks",
				);
				PRODUCT_BUNDLE_IDENTIFIER = "cz.ackee.enterprise.bi-ios";
				PRODUCT_NAME = "$(TARGET_NAME)";
				PROVISIONING_PROFILE_SPECIFIER = "match Development cz.ackee.enterprise.*";
				SWIFT_VERSION = 4.2;
				TARGETED_DEVICE_FAMILY = "1,2";
			};
			name = Debug;
		};
		88C9CDAB2176019600BC4D60 /* Release */ = {
			isa = XCBuildConfiguration;
			baseConfigurationReference = A9247C9B32C1BE299932717B /* Pods-bi-ios-2018.release.xcconfig */;
			buildSettings = {
				ASSETCATALOG_COMPILER_APPICON_NAME = AppIcon;
				CODE_SIGN_STYLE = Manual;
				DEVELOPMENT_TEAM = "";
				INFOPLIST_FILE = "bi-ios-2018/Info.plist";
				LD_RUNPATH_SEARCH_PATHS = (
					"$(inherited)",
					"@executable_path/Frameworks",
				);
				PRODUCT_BUNDLE_IDENTIFIER = "cz.ackee.enterprise.bi-ios";
				PRODUCT_NAME = "$(TARGET_NAME)";
				PROVISIONING_PROFILE_SPECIFIER = "";
				SWIFT_VERSION = 4.2;
				TARGETED_DEVICE_FAMILY = "1,2";
			};
			name = Release;
		};
/* End XCBuildConfiguration section */

/* Begin XCConfigurationList section */
		88C9CD922176019500BC4D60 /* Build configuration list for PBXProject "bi-ios-2018" */ = {
			isa = XCConfigurationList;
			buildConfigurations = (
				88C9CDA72176019600BC4D60 /* Debug */,
				88C9CDA82176019600BC4D60 /* Release */,
			);
			defaultConfigurationIsVisible = 0;
			defaultConfigurationName = Release;
		};
		88C9CDA92176019600BC4D60 /* Build configuration list for PBXNativeTarget "bi-ios-2018" */ = {
			isa = XCConfigurationList;
			buildConfigurations = (
				88C9CDAA2176019600BC4D60 /* Debug */,
				88C9CDAB2176019600BC4D60 /* Release */,
			);
			defaultConfigurationIsVisible = 0;
			defaultConfigurationName = Release;
		};
/* End XCConfigurationList section */
	};
	rootObject = 88C9CD8F2176019500BC4D60 /* Project object */;
}
